// !$*UTF8*$!
{
	archiveVersion = 1;
	classes = {
	};
	objectVersion = 51;
	objects = {

/* Begin PBXBuildFile section */
		181FDD532385412300111ED7 /* AppDelegate.swift in Sources */ = {isa = PBXBuildFile; fileRef = 181FDD522385412300111ED7 /* AppDelegate.swift */; };
		181FDD552385412300111ED7 /* SceneDelegate.swift in Sources */ = {isa = PBXBuildFile; fileRef = 181FDD542385412300111ED7 /* SceneDelegate.swift */; };
		181FDD572385412300111ED7 /* WelcomeViewController.swift in Sources */ = {isa = PBXBuildFile; fileRef = 181FDD562385412300111ED7 /* WelcomeViewController.swift */; };
		181FDD5A2385412300111ED7 /* Main.storyboard in Resources */ = {isa = PBXBuildFile; fileRef = 181FDD582385412300111ED7 /* Main.storyboard */; };
		181FDD5C2385412400111ED7 /* Assets.xcassets in Resources */ = {isa = PBXBuildFile; fileRef = 181FDD5B2385412400111ED7 /* Assets.xcassets */; };
		181FDD5F2385412400111ED7 /* LaunchScreen.storyboard in Resources */ = {isa = PBXBuildFile; fileRef = 181FDD5D2385412400111ED7 /* LaunchScreen.storyboard */; };
		181FDD6B2385421000111ED7 /* RegisterViewController.swift in Sources */ = {isa = PBXBuildFile; fileRef = 181FDD6A2385421000111ED7 /* RegisterViewController.swift */; };
		181FDD6D2385422100111ED7 /* LoginViewController.swift in Sources */ = {isa = PBXBuildFile; fileRef = 181FDD6C2385422100111ED7 /* LoginViewController.swift */; };
		181FDD6F2385423000111ED7 /* ChatViewController.swift in Sources */ = {isa = PBXBuildFile; fileRef = 181FDD6E2385423000111ED7 /* ChatViewController.swift */; };
		187FB375238576CF00ADE934 /* GoogleService-Info.plist in Resources */ = {isa = PBXBuildFile; fileRef = 187FB374238576CF00ADE934 /* GoogleService-Info.plist */; };
		18B8128A23889990007C7292 /* Constants.swift in Sources */ = {isa = PBXBuildFile; fileRef = 18B8128923889990007C7292 /* Constants.swift */; };
		18B8128C23894FC5007C7292 /* Message.swift in Sources */ = {isa = PBXBuildFile; fileRef = 18B8128B23894FC5007C7292 /* Message.swift */; };
		18B8128F23895382007C7292 /* MessageCell.swift in Sources */ = {isa = PBXBuildFile; fileRef = 18B8128D23895382007C7292 /* MessageCell.swift */; };
		18B8129023895382007C7292 /* MessageCell.xib in Resources */ = {isa = PBXBuildFile; fileRef = 18B8128E23895382007C7292 /* MessageCell.xib */; };
		4E4BD1356D397F922438AEB7 /* Pods_ChatAppWithFirebase.framework in Frameworks */ = {isa = PBXBuildFile; fileRef = 44EBDB250CDED54B8E72216D /* Pods_ChatAppWithFirebase.framework */; };
/* End PBXBuildFile section */

/* Begin PBXFileReference section */
		181FDD4F2385412300111ED7 /* ChatAppWithFirebase.app */ = {isa = PBXFileReference; explicitFileType = wrapper.application; includeInIndex = 0; path = ChatAppWithFirebase.app; sourceTree = BUILT_PRODUCTS_DIR; };
		181FDD522385412300111ED7 /* AppDelegate.swift */ = {isa = PBXFileReference; lastKnownFileType = sourcecode.swift; path = AppDelegate.swift; sourceTree = "<group>"; };
		181FDD542385412300111ED7 /* SceneDelegate.swift */ = {isa = PBXFileReference; lastKnownFileType = sourcecode.swift; path = SceneDelegate.swift; sourceTree = "<group>"; };
		181FDD562385412300111ED7 /* WelcomeViewController.swift */ = {isa = PBXFileReference; lastKnownFileType = sourcecode.swift; path = WelcomeViewController.swift; sourceTree = "<group>"; };
		181FDD592385412300111ED7 /* Base */ = {isa = PBXFileReference; lastKnownFileType = file.storyboard; name = Base; path = Base.lproj/Main.storyboard; sourceTree = "<group>"; };
		181FDD5B2385412400111ED7 /* Assets.xcassets */ = {isa = PBXFileReference; lastKnownFileType = folder.assetcatalog; path = Assets.xcassets; sourceTree = "<group>"; };
		181FDD5E2385412400111ED7 /* Base */ = {isa = PBXFileReference; lastKnownFileType = file.storyboard; name = Base; path = Base.lproj/LaunchScreen.storyboard; sourceTree = "<group>"; };
		181FDD602385412400111ED7 /* Info.plist */ = {isa = PBXFileReference; lastKnownFileType = text.plist.xml; path = Info.plist; sourceTree = "<group>"; };
		181FDD6A2385421000111ED7 /* RegisterViewController.swift */ = {isa = PBXFileReference; lastKnownFileType = sourcecode.swift; path = RegisterViewController.swift; sourceTree = "<group>"; };
		181FDD6C2385422100111ED7 /* LoginViewController.swift */ = {isa = PBXFileReference; lastKnownFileType = sourcecode.swift; path = LoginViewController.swift; sourceTree = "<group>"; };
		181FDD6E2385423000111ED7 /* ChatViewController.swift */ = {isa = PBXFileReference; lastKnownFileType = sourcecode.swift; path = ChatViewController.swift; sourceTree = "<group>"; };
		187FB374238576CF00ADE934 /* GoogleService-Info.plist */ = {isa = PBXFileReference; fileEncoding = 4; lastKnownFileType = text.plist.xml; path = "GoogleService-Info.plist"; sourceTree = "<group>"; };
		18B8128923889990007C7292 /* Constants.swift */ = {isa = PBXFileReference; lastKnownFileType = sourcecode.swift; path = Constants.swift; sourceTree = "<group>"; };
		18B8128B23894FC5007C7292 /* Message.swift */ = {isa = PBXFileReference; lastKnownFileType = sourcecode.swift; path = Message.swift; sourceTree = "<group>"; };
		18B8128D23895382007C7292 /* MessageCell.swift */ = {isa = PBXFileReference; lastKnownFileType = sourcecode.swift; path = MessageCell.swift; sourceTree = "<group>"; };
		18B8128E23895382007C7292 /* MessageCell.xib */ = {isa = PBXFileReference; lastKnownFileType = file.xib; path = MessageCell.xib; sourceTree = "<group>"; };
		44EBDB250CDED54B8E72216D /* Pods_ChatAppWithFirebase.framework */ = {isa = PBXFileReference; explicitFileType = wrapper.framework; includeInIndex = 0; path = Pods_ChatAppWithFirebase.framework; sourceTree = BUILT_PRODUCTS_DIR; };
		AC1646C284730254D104CCDE /* Pods-ChatAppWithFirebase.debug.xcconfig */ = {isa = PBXFileReference; includeInIndex = 1; lastKnownFileType = text.xcconfig; name = "Pods-ChatAppWithFirebase.debug.xcconfig"; path = "Target Support Files/Pods-ChatAppWithFirebase/Pods-ChatAppWithFirebase.debug.xcconfig"; sourceTree = "<group>"; };
		E27CD62696B9D809540E8FC4 /* Pods-ChatAppWithFirebase.release.xcconfig */ = {isa = PBXFileReference; includeInIndex = 1; lastKnownFileType = text.xcconfig; name = "Pods-ChatAppWithFirebase.release.xcconfig"; path = "Target Support Files/Pods-ChatAppWithFirebase/Pods-ChatAppWithFirebase.release.xcconfig"; sourceTree = "<group>"; };
/* End PBXFileReference section */

/* Begin PBXFrameworksBuildPhase section */
		181FDD4C2385412300111ED7 /* Frameworks */ = {
			isa = PBXFrameworksBuildPhase;
			buildActionMask = 2147483647;
			files = (
				4E4BD1356D397F922438AEB7 /* Pods_ChatAppWithFirebase.framework in Frameworks */,
			);
			runOnlyForDeploymentPostprocessing = 0;
		};
/* End PBXFrameworksBuildPhase section */

/* Begin PBXGroup section */
		1636717418AE02C44A501630 /* Pods */ = {
			isa = PBXGroup;
			children = (
				AC1646C284730254D104CCDE /* Pods-ChatAppWithFirebase.debug.xcconfig */,
				E27CD62696B9D809540E8FC4 /* Pods-ChatAppWithFirebase.release.xcconfig */,
			);
			path = Pods;
			sourceTree = "<group>";
		};
		181FDD462385412300111ED7 = {
			isa = PBXGroup;
			children = (
				181FDD512385412300111ED7 /* ChatAppWithFirebase */,
				181FDD502385412300111ED7 /* Products */,
				1636717418AE02C44A501630 /* Pods */,
				F5696C55602ABB3DD921D8EB /* Frameworks */,
			);
			sourceTree = "<group>";
		};
		181FDD502385412300111ED7 /* Products */ = {
			isa = PBXGroup;
			children = (
				181FDD4F2385412300111ED7 /* ChatAppWithFirebase.app */,
			);
			name = Products;
			sourceTree = "<group>";
		};
		181FDD512385412300111ED7 /* ChatAppWithFirebase */ = {
			isa = PBXGroup;
			children = (
				181FDD692385419800111ED7 /* Model */,
				181FDD672385418500111ED7 /* Controller */,
				181FDD682385419200111ED7 /* View */,
				181FDD662385417C00111ED7 /* Supporting Files */,
				18B8128923889990007C7292 /* Constants.swift */,
				181FDD602385412400111ED7 /* Info.plist */,
				187FB374238576CF00ADE934 /* GoogleService-Info.plist */,
			);
			path = ChatAppWithFirebase;
			sourceTree = "<group>";
		};
		181FDD662385417C00111ED7 /* Supporting Files */ = {
			isa = PBXGroup;
			children = (
				181FDD522385412300111ED7 /* AppDelegate.swift */,
				181FDD542385412300111ED7 /* SceneDelegate.swift */,
				181FDD5B2385412400111ED7 /* Assets.xcassets */,
				181FDD5D2385412400111ED7 /* LaunchScreen.storyboard */,
			);
			path = "Supporting Files";
			sourceTree = "<group>";
		};
		181FDD672385418500111ED7 /* Controller */ = {
			isa = PBXGroup;
			children = (
				181FDD562385412300111ED7 /* WelcomeViewController.swift */,
				181FDD6A2385421000111ED7 /* RegisterViewController.swift */,
				181FDD6C2385422100111ED7 /* LoginViewController.swift */,
				181FDD6E2385423000111ED7 /* ChatViewController.swift */,
			);
			path = Controller;
			sourceTree = "<group>";
		};
		181FDD682385419200111ED7 /* View */ = {
			isa = PBXGroup;
			children = (
				181FDD582385412300111ED7 /* Main.storyboard */,
				18B8128D23895382007C7292 /* MessageCell.swift */,
				18B8128E23895382007C7292 /* MessageCell.xib */,
			);
			path = View;
			sourceTree = "<group>";
		};
		181FDD692385419800111ED7 /* Model */ = {
			isa = PBXGroup;
			children = (
				18B8128B23894FC5007C7292 /* Message.swift */,
			);
			path = Model;
			sourceTree = "<group>";
		};
		F5696C55602ABB3DD921D8EB /* Frameworks */ = {
			isa = PBXGroup;
			children = (
				44EBDB250CDED54B8E72216D /* Pods_ChatAppWithFirebase.framework */,
			);
			name = Frameworks;
			sourceTree = "<group>";
		};
/* End PBXGroup section */

/* Begin PBXNativeTarget section */
		181FDD4E2385412300111ED7 /* ChatAppWithFirebase */ = {
			isa = PBXNativeTarget;
			buildConfigurationList = 181FDD632385412400111ED7 /* Build configuration list for PBXNativeTarget "ChatAppWithFirebase" */;
			buildPhases = (
				C07FF95CB811766B091C734E /* [CP] Check Pods Manifest.lock */,
				181FDD4B2385412300111ED7 /* Sources */,
				181FDD4C2385412300111ED7 /* Frameworks */,
				181FDD4D2385412300111ED7 /* Resources */,
				80E094D2056449A1EBB3AB57 /* [CP] Embed Pods Frameworks */,
			);
			buildRules = (
			);
			dependencies = (
			);
			name = ChatAppWithFirebase;
			productName = ChatAppWithFirebase;
			productReference = 181FDD4F2385412300111ED7 /* ChatAppWithFirebase.app */;
			productType = "com.apple.product-type.application";
		};
/* End PBXNativeTarget section */

/* Begin PBXProject section */
		181FDD472385412300111ED7 /* Project object */ = {
			isa = PBXProject;
			attributes = {
				LastSwiftUpdateCheck = 1120;
				LastUpgradeCheck = 1120;
				ORGANIZATIONNAME = "Elena Kulakova";
				TargetAttributes = {
					181FDD4E2385412300111ED7 = {
						CreatedOnToolsVersion = 11.2;
					};
				};
			};
			buildConfigurationList = 181FDD4A2385412300111ED7 /* Build configuration list for PBXProject "ChatAppWithFirebase" */;
			compatibilityVersion = "Xcode 9.3";
			developmentRegion = en;
			hasScannedForEncodings = 0;
			knownRegions = (
				en,
				Base,
			);
			mainGroup = 181FDD462385412300111ED7;
			productRefGroup = 181FDD502385412300111ED7 /* Products */;
			projectDirPath = "";
			projectRoot = "";
			targets = (
				181FDD4E2385412300111ED7 /* ChatAppWithFirebase */,
			);
		};
/* End PBXProject section */

/* Begin PBXResourcesBuildPhase section */
		181FDD4D2385412300111ED7 /* Resources */ = {
			isa = PBXResourcesBuildPhase;
			buildActionMask = 2147483647;
			files = (
				18B8129023895382007C7292 /* MessageCell.xib in Resources */,
				181FDD5F2385412400111ED7 /* LaunchScreen.storyboard in Resources */,
				187FB375238576CF00ADE934 /* GoogleService-Info.plist in Resources */,
				181FDD5C2385412400111ED7 /* Assets.xcassets in Resources */,
				181FDD5A2385412300111ED7 /* Main.storyboard in Resources */,
			);
			runOnlyForDeploymentPostprocessing = 0;
		};
/* End PBXResourcesBuildPhase section */

/* Begin PBXShellScriptBuildPhase section */
		80E094D2056449A1EBB3AB57 /* [CP] Embed Pods Frameworks */ = {
			isa = PBXShellScriptBuildPhase;
			buildActionMask = 2147483647;
			files = (
			);
			inputFileListPaths = (
				"${PODS_ROOT}/Target Support Files/Pods-ChatAppWithFirebase/Pods-ChatAppWithFirebase-frameworks-${CONFIGURATION}-input-files.xcfilelist",
			);
			name = "[CP] Embed Pods Frameworks";
			outputFileListPaths = (
				"${PODS_ROOT}/Target Support Files/Pods-ChatAppWithFirebase/Pods-ChatAppWithFirebase-frameworks-${CONFIGURATION}-output-files.xcfilelist",
			);
			runOnlyForDeploymentPostprocessing = 0;
			shellPath = /bin/sh;
			shellScript = "\"${PODS_ROOT}/Target Support Files/Pods-ChatAppWithFirebase/Pods-ChatAppWithFirebase-frameworks.sh\"\n";
			showEnvVarsInLog = 0;
		};
		C07FF95CB811766B091C734E /* [CP] Check Pods Manifest.lock */ = {
			isa = PBXShellScriptBuildPhase;
			buildActionMask = 2147483647;
			files = (
			);
			inputFileListPaths = (
			);
			inputPaths = (
				"${PODS_PODFILE_DIR_PATH}/Podfile.lock",
				"${PODS_ROOT}/Manifest.lock",
			);
			name = "[CP] Check Pods Manifest.lock";
			outputFileListPaths = (
			);
			outputPaths = (
				"$(DERIVED_FILE_DIR)/Pods-ChatAppWithFirebase-checkManifestLockResult.txt",
			);
			runOnlyForDeploymentPostprocessing = 0;
			shellPath = /bin/sh;
			shellScript = "diff \"${PODS_PODFILE_DIR_PATH}/Podfile.lock\" \"${PODS_ROOT}/Manifest.lock\" > /dev/null\nif [ $? != 0 ] ; then\n    # print error to STDERR\n    echo \"error: The sandbox is not in sync with the Podfile.lock. Run 'pod install' or update your CocoaPods installation.\" >&2\n    exit 1\nfi\n# This output is used by Xcode 'outputs' to avoid re-running this script phase.\necho \"SUCCESS\" > \"${SCRIPT_OUTPUT_FILE_0}\"\n";
			showEnvVarsInLog = 0;
		};
/* End PBXShellScriptBuildPhase section */

/* Begin PBXSourcesBuildPhase section */
		181FDD4B2385412300111ED7 /* Sources */ = {
			isa = PBXSourcesBuildPhase;
			buildActionMask = 2147483647;
			files = (
				181FDD572385412300111ED7 /* WelcomeViewController.swift in Sources */,
				181FDD532385412300111ED7 /* AppDelegate.swift in Sources */,
				181FDD552385412300111ED7 /* SceneDelegate.swift in Sources */,
				181FDD6D2385422100111ED7 /* LoginViewController.swift in Sources */,
				18B8128A23889990007C7292 /* Constants.swift in Sources */,
				18B8128C23894FC5007C7292 /* Message.swift in Sources */,
				181FDD6F2385423000111ED7 /* ChatViewController.swift in Sources */,
				181FDD6B2385421000111ED7 /* RegisterViewController.swift in Sources */,
				18B8128F23895382007C7292 /* MessageCell.swift in Sources */,
			);
			runOnlyForDeploymentPostprocessing = 0;
		};
/* End PBXSourcesBuildPhase section */

/* Begin PBXVariantGroup section */
		181FDD582385412300111ED7 /* Main.storyboard */ = {
			isa = PBXVariantGroup;
			children = (
				181FDD592385412300111ED7 /* Base */,
			);
			name = Main.storyboard;
			sourceTree = "<group>";
		};
		181FDD5D2385412400111ED7 /* LaunchScreen.storyboard */ = {
			isa = PBXVariantGroup;
			children = (
				181FDD5E2385412400111ED7 /* Base */,
			);
			name = LaunchScreen.storyboard;
			sourceTree = "<group>";
		};
/* End PBXVariantGroup section */

/* Begin XCBuildConfiguration section */
		181FDD612385412400111ED7 /* Debug */ = {
			isa = XCBuildConfiguration;
			buildSettings = {
				ALWAYS_SEARCH_USER_PATHS = NO;
				CLANG_ANALYZER_NONNULL = YES;
				CLANG_ANALYZER_NUMBER_OBJECT_CONVERSION = YES_AGGRESSIVE;
				CLANG_CXX_LANGUAGE_STANDARD = "gnu++14";
				CLANG_CXX_LIBRARY = "libc++";
				CLANG_ENABLE_MODULES = YES;
				CLANG_ENABLE_OBJC_ARC = YES;
				CLANG_ENABLE_OBJC_WEAK = YES;
				CLANG_WARN_BLOCK_CAPTURE_AUTORELEASING = YES;
				CLANG_WARN_BOOL_CONVERSION = YES;
				CLANG_WARN_COMMA = YES;
				CLANG_WARN_CONSTANT_CONVERSION = YES;
				CLANG_WARN_DEPRECATED_OBJC_IMPLEMENTATIONS = YES;
				CLANG_WARN_DIRECT_OBJC_ISA_USAGE = YES_ERROR;
				CLANG_WARN_DOCUMENTATION_COMMENTS = YES;
				CLANG_WARN_EMPTY_BODY = YES;
				CLANG_WARN_ENUM_CONVERSION = YES;
				CLANG_WARN_INFINITE_RECURSION = YES;
				CLANG_WARN_INT_CONVERSION = YES;
				CLANG_WARN_NON_LITERAL_NULL_CONVERSION = YES;
				CLANG_WARN_OBJC_IMPLICIT_RETAIN_SELF = YES;
				CLANG_WARN_OBJC_LITERAL_CONVERSION = YES;
				CLANG_WARN_OBJC_ROOT_CLASS = YES_ERROR;
				CLANG_WARN_RANGE_LOOP_ANALYSIS = YES;
				CLANG_WARN_STRICT_PROTOTYPES = YES;
				CLANG_WARN_SUSPICIOUS_MOVE = YES;
				CLANG_WARN_UNGUARDED_AVAILABILITY = YES_AGGRESSIVE;
				CLANG_WARN_UNREACHABLE_CODE = YES;
				CLANG_WARN__DUPLICATE_METHOD_MATCH = YES;
				COPY_PHASE_STRIP = NO;
				DEBUG_INFORMATION_FORMAT = dwarf;
				ENABLE_STRICT_OBJC_MSGSEND = YES;
				ENABLE_TESTABILITY = YES;
				GCC_C_LANGUAGE_STANDARD = gnu11;
				GCC_DYNAMIC_NO_PIC = NO;
				GCC_NO_COMMON_BLOCKS = YES;
				GCC_OPTIMIZATION_LEVEL = 0;
				GCC_PREPROCESSOR_DEFINITIONS = (
					"DEBUG=1",
					"$(inherited)",
				);
				GCC_WARN_64_TO_32_BIT_CONVERSION = YES;
				GCC_WARN_ABOUT_RETURN_TYPE = YES_ERROR;
				GCC_WARN_UNDECLARED_SELECTOR = YES;
				GCC_WARN_UNINITIALIZED_AUTOS = YES_AGGRESSIVE;
				GCC_WARN_UNUSED_FUNCTION = YES;
				GCC_WARN_UNUSED_VARIABLE = YES;
				IPHONEOS_DEPLOYMENT_TARGET = 13.2;
				MTL_ENABLE_DEBUG_INFO = INCLUDE_SOURCE;
				MTL_FAST_MATH = YES;
				ONLY_ACTIVE_ARCH = YES;
				SDKROOT = iphoneos;
				SWIFT_ACTIVE_COMPILATION_CONDITIONS = DEBUG;
				SWIFT_OPTIMIZATION_LEVEL = "-Onone";
			};
			name = Debug;
		};
		181FDD622385412400111ED7 /* Release */ = {
			isa = XCBuildConfiguration;
			buildSettings = {
				ALWAYS_SEARCH_USER_PATHS = NO;
				CLANG_ANALYZER_NONNULL = YES;
				CLANG_ANALYZER_NUMBER_OBJECT_CONVERSION = YES_AGGRESSIVE;
				CLANG_CXX_LANGUAGE_STANDARD = "gnu++14";
				CLANG_CXX_LIBRARY = "libc++";
				CLANG_ENABLE_MODULES = YES;
				CLANG_ENABLE_OBJC_ARC = YES;
				CLANG_ENABLE_OBJC_WEAK = YES;
				CLANG_WARN_BLOCK_CAPTURE_AUTORELEASING = YES;
				CLANG_WARN_BOOL_CONVERSION = YES;
				CLANG_WARN_COMMA = YES;
				CLANG_WARN_CONSTANT_CONVERSION = YES;
				CLANG_WARN_DEPRECATED_OBJC_IMPLEMENTATIONS = YES;
				CLANG_WARN_DIRECT_OBJC_ISA_USAGE = YES_ERROR;
				CLANG_WARN_DOCUMENTATION_COMMENTS = YES;
				CLANG_WARN_EMPTY_BODY = YES;
				CLANG_WARN_ENUM_CONVERSION = YES;
				CLANG_WARN_INFINITE_RECURSION = YES;
				CLANG_WARN_INT_CONVERSION = YES;
				CLANG_WARN_NON_LITERAL_NULL_CONVERSION = YES;
				CLANG_WARN_OBJC_IMPLICIT_RETAIN_SELF = YES;
				CLANG_WARN_OBJC_LITERAL_CONVERSION = YES;
				CLANG_WARN_OBJC_ROOT_CLASS = YES_ERROR;
				CLANG_WARN_RANGE_LOOP_ANALYSIS = YES;
				CLANG_WARN_STRICT_PROTOTYPES = YES;
				CLANG_WARN_SUSPICIOUS_MOVE = YES;
				CLANG_WARN_UNGUARDED_AVAILABILITY = YES_AGGRESSIVE;
				CLANG_WARN_UNREACHABLE_CODE = YES;
				CLANG_WARN__DUPLICATE_METHOD_MATCH = YES;
				COPY_PHASE_STRIP = NO;
				DEBUG_INFORMATION_FORMAT = "dwarf-with-dsym";
				ENABLE_NS_ASSERTIONS = NO;
				ENABLE_STRICT_OBJC_MSGSEND = YES;
				GCC_C_LANGUAGE_STANDARD = gnu11;
				GCC_NO_COMMON_BLOCKS = YES;
				GCC_WARN_64_TO_32_BIT_CONVERSION = YES;
				GCC_WARN_ABOUT_RETURN_TYPE = YES_ERROR;
				GCC_WARN_UNDECLARED_SELECTOR = YES;
				GCC_WARN_UNINITIALIZED_AUTOS = YES_AGGRESSIVE;
				GCC_WARN_UNUSED_FUNCTION = YES;
				GCC_WARN_UNUSED_VARIABLE = YES;
				IPHONEOS_DEPLOYMENT_TARGET = 13.2;
				MTL_ENABLE_DEBUG_INFO = NO;
				MTL_FAST_MATH = YES;
				SDKROOT = iphoneos;
				SWIFT_COMPILATION_MODE = wholemodule;
				SWIFT_OPTIMIZATION_LEVEL = "-O";
				VALIDATE_PRODUCT = YES;
			};
			name = Release;
		};
		181FDD642385412400111ED7 /* Debug */ = {
			isa = XCBuildConfiguration;
			baseConfigurationReference = AC1646C284730254D104CCDE /* Pods-ChatAppWithFirebase.debug.xcconfig */;
			buildSettings = {
				ASSETCATALOG_COMPILER_APPICON_NAME = AppIcon;
				CODE_SIGN_STYLE = Automatic;
				DEVELOPMENT_TEAM = YJ2U97422Q;
				INFOPLIST_FILE = ChatAppWithFirebase/Info.plist;
				LD_RUNPATH_SEARCH_PATHS = (
					"$(inherited)",
					"@executable_path/Frameworks",
				);
				PRODUCT_BUNDLE_IDENTIFIER = com.elena.ChatAppWithFirebase;
				PRODUCT_NAME = "$(TARGET_NAME)";
				SWIFT_VERSION = 5.0;
				TARGETED_DEVICE_FAMILY = "1,2";
			};
			name = Debug;
		};
		181FDD652385412400111ED7 /* Release */ = {
			isa = XCBuildConfiguration;
			baseConfigurationReference = E27CD62696B9D809540E8FC4 /* Pods-ChatAppWithFirebase.release.xcconfig */;
			buildSettings = {
				ASSETCATALOG_COMPILER_APPICON_NAME = AppIcon;
				CODE_SIGN_STYLE = Automatic;
				DEVELOPMENT_TEAM = YJ2U97422Q;
				INFOPLIST_FILE = ChatAppWithFirebase/Info.plist;
				LD_RUNPATH_SEARCH_PATHS = (
					"$(inherited)",
					"@executable_path/Frameworks",
				);
				PRODUCT_BUNDLE_IDENTIFIER = com.elena.ChatAppWithFirebase;
				PRODUCT_NAME = "$(TARGET_NAME)";
				SWIFT_VERSION = 5.0;
				TARGETED_DEVICE_FAMILY = "1,2";
			};
			name = Release;
		};
/* End XCBuildConfiguration section */

/* Begin XCConfigurationList section */
		181FDD4A2385412300111ED7 /* Build configuration list for PBXProject "ChatAppWithFirebase" */ = {
			isa = XCConfigurationList;
			buildConfigurations = (
				181FDD612385412400111ED7 /* Debug */,
				181FDD622385412400111ED7 /* Release */,
			);
			defaultConfigurationIsVisible = 0;
			defaultConfigurationName = Release;
		};
		181FDD632385412400111ED7 /* Build configuration list for PBXNativeTarget "ChatAppWithFirebase" */ = {
			isa = XCConfigurationList;
			buildConfigurations = (
				181FDD642385412400111ED7 /* Debug */,
				181FDD652385412400111ED7 /* Release */,
			);
			defaultConfigurationIsVisible = 0;
			defaultConfigurationName = Release;
		};
/* End XCConfigurationList section */
	};
	rootObject = 181FDD472385412300111ED7 /* Project object */;
}
